
Microsoft Visual Studio Solution File, Format Version 12.00
# Visual Studio 15
VisualStudioVersion = 15.0.26430.15
MinimumVisualStudioVersion = 10.0.40219.1
Project("{9A19103F-16F7-4668-BE54-9A1E7A4F7556}") = "Discord.Addons.Interactive", "Discord.Addons.Interactive\Discord.Addons.Interactive.csproj", "{266E3693-0971-4772-874C-DF38CCD952B0}"
EndProject
Project("{FAE04EC0-301F-11D3-BF4B-00C04F79EFBC}") = "ShardedSampleBot", "ShardedSampleBot\ShardedSampleBot.csproj", "{AE0D5578-B834-4F72-9403-39520E0CD407}"
EndProject
Project("{FAE04EC0-301F-11D3-BF4B-00C04F79EFBC}") = "SocketSampleBot", "SocketSampleBot\SocketSampleBot.csproj", "{31B0BB55-F964-48E9-A355-E804EECDE43E}"
EndProject
Global
	GlobalSection(SolutionConfigurationPlatforms) = preSolution
		Debug|Any CPU = Debug|Any CPU
		Release|Any CPU = Release|Any CPU
	EndGlobalSection
	GlobalSection(ProjectConfigurationPlatforms) = postSolution
		{266E3693-0971-4772-874C-DF38CCD952B0}.Debug|Any CPU.ActiveCfg = Debug|Any CPU
		{266E3693-0971-4772-874C-DF38CCD952B0}.Debug|Any CPU.Build.0 = Debug|Any CPU
		{266E3693-0971-4772-874C-DF38CCD952B0}.Release|Any CPU.ActiveCfg = Release|Any CPU
		{266E3693-0971-4772-874C-DF38CCD952B0}.Release|Any CPU.Build.0 = Release|Any CPU
		{AE0D5578-B834-4F72-9403-39520E0CD407}.Debug|Any CPU.ActiveCfg = Debug|Any CPU
		{AE0D5578-B834-4F72-9403-39520E0CD407}.Debug|Any CPU.Build.0 = Debug|Any CPU
		{AE0D5578-B834-4F72-9403-39520E0CD407}.Release|Any CPU.ActiveCfg = Release|Any CPU
		{AE0D5578-B834-4F72-9403-39520E0CD407}.Release|Any CPU.Build.0 = Release|Any CPU
		{31B0BB55-F964-48E9-A355-E804EECDE43E}.Debug|Any CPU.ActiveCfg = Debug|Any CPU
		{31B0BB55-F964-48E9-A355-E804EECDE43E}.Debug|Any CPU.Build.0 = Debug|Any CPU
		{31B0BB55-F964-48E9-A355-E804EECDE43E}.Release|Any CPU.ActiveCfg = Release|Any CPU
		{31B0BB55-F964-48E9-A355-E804EECDE43E}.Release|Any CPU.Build.0 = Release|Any CPU
	EndGlobalSection
	GlobalSection(SolutionProperties) = preSolution
		HideSolutionNode = FALSE
	EndGlobalSection
	GlobalSection(ExtensibilityGlobals) = postSolution
		SolutionGuid = {88BA80A1-022A-4FD2-80D1-A9004502B7A2}
	EndGlobalSection
EndGlobal
